
Microsoft Visual Studio Solution File, Format Version 12.00
# Visual Studio 15
VisualStudioVersion = 15.0.28307.645
MinimumVisualStudioVersion = 10.0.40219.1
Project("{FAE04EC0-301F-11D3-BF4B-00C04F79EFBC}") = "1lab2020", "1lab2020\1lab2020.csproj", "{D3C0BBB5-B8B7-406E-A5D4-8FD89890918A}"
EndProject
Project("{FAE04EC0-301F-11D3-BF4B-00C04F79EFBC}") = "1lab2020Tests", "1lab2020Tests\1lab2020Tests.csproj", "{EBFCA2C9-EDF8-4751-AE8C-3E68F0FF24D1}"
EndProject
Global
	GlobalSection(SolutionConfigurationPlatforms) = preSolution
		Debug|Any CPU = Debug|Any CPU
		Release|Any CPU = Release|Any CPU
	EndGlobalSection
	GlobalSection(ProjectConfigurationPlatforms) = postSolution
		{D3C0BBB5-B8B7-406E-A5D4-8FD89890918A}.Debug|Any CPU.ActiveCfg = Debug|Any CPU
		{D3C0BBB5-B8B7-406E-A5D4-8FD89890918A}.Debug|Any CPU.Build.0 = Debug|Any CPU
		{D3C0BBB5-B8B7-406E-A5D4-8FD89890918A}.Release|Any CPU.ActiveCfg = Release|Any CPU
		{D3C0BBB5-B8B7-406E-A5D4-8FD89890918A}.Release|Any CPU.Build.0 = Release|Any CPU
		{EBFCA2C9-EDF8-4751-AE8C-3E68F0FF24D1}.Debug|Any CPU.ActiveCfg = Debug|Any CPU
		{EBFCA2C9-EDF8-4751-AE8C-3E68F0FF24D1}.Debug|Any CPU.Build.0 = Debug|Any CPU
		{EBFCA2C9-EDF8-4751-AE8C-3E68F0FF24D1}.Release|Any CPU.ActiveCfg = Release|Any CPU
		{EBFCA2C9-EDF8-4751-AE8C-3E68F0FF24D1}.Release|Any CPU.Build.0 = Release|Any CPU
	EndGlobalSection
	GlobalSection(SolutionProperties) = preSolution
		HideSolutionNode = FALSE
	EndGlobalSection
	GlobalSection(ExtensibilityGlobals) = postSolution
		SolutionGuid = {3944B23B-6923-4765-B75C-23CF941645FD}
	EndGlobalSection
EndGlobal
